
Microsoft Visual Studio Solution File, Format Version 12.00
# Visual Studio Version 16
VisualStudioVersion = 16.0.31727.386
MinimumVisualStudioVersion = 10.0.40219.1
Project("{FAE04EC0-301F-11D3-BF4B-00C04F79EFBC}") = "WindowsDataReader", "WindowsDataReader\WindowsDataReader.csproj", "{B10F8AC2-715F-4349-B74F-F778AA3EA168}"
EndProject
Project("{FAE04EC0-301F-11D3-BF4B-00C04F79EFBC}") = "Datos", "Datos\Datos.csproj", "{419062BC-DEA1-4532-9077-7554BB33B308}"
EndProject
Global
	GlobalSection(SolutionConfigurationPlatforms) = preSolution
		Debug|Any CPU = Debug|Any CPU
		Release|Any CPU = Release|Any CPU
	EndGlobalSection
	GlobalSection(ProjectConfigurationPlatforms) = postSolution
		{B10F8AC2-715F-4349-B74F-F778AA3EA168}.Debug|Any CPU.ActiveCfg = Debug|Any CPU
		{B10F8AC2-715F-4349-B74F-F778AA3EA168}.Debug|Any CPU.Build.0 = Debug|Any CPU
		{B10F8AC2-715F-4349-B74F-F778AA3EA168}.Release|Any CPU.ActiveCfg = Release|Any CPU
		{B10F8AC2-715F-4349-B74F-F778AA3EA168}.Release|Any CPU.Build.0 = Release|Any CPU
		{419062BC-DEA1-4532-9077-7554BB33B308}.Debug|Any CPU.ActiveCfg = Debug|Any CPU
		{419062BC-DEA1-4532-9077-7554BB33B308}.Debug|Any CPU.Build.0 = Debug|Any CPU
		{419062BC-DEA1-4532-9077-7554BB33B308}.Release|Any CPU.ActiveCfg = Release|Any CPU
		{419062BC-DEA1-4532-9077-7554BB33B308}.Release|Any CPU.Build.0 = Release|Any CPU
	EndGlobalSection
	GlobalSection(SolutionProperties) = preSolution
		HideSolutionNode = FALSE
	EndGlobalSection
	GlobalSection(ExtensibilityGlobals) = postSolution
		SolutionGuid = {62123569-71CA-4036-9527-1AABE01D3BA7}
	EndGlobalSection
EndGlobal
